
Microsoft Visual Studio Solution File, Format Version 12.00
# Visual Studio Version 17
VisualStudioVersion = 17.8.34004.107
MinimumVisualStudioVersion = 10.0.40219.1
Project("{FAE04EC0-301F-11D3-BF4B-00C04F79EFBC}") = "IBurguer.BDD", "IBurguer.BDD\IBurguer.BDD.csproj", "{19FE7D81-7F46-4412-9FDC-6C8869962105}"
EndProject
Project("{FAE04EC0-301F-11D3-BF4B-00C04F79EFBC}") = "IBurguer.BDD.Infrastructure", "IBurguer.BDD.Infrastructure\IBurguer.BDD.Infrastructure.csproj", "{D69FE2AD-EDC8-4DA2-9DA7-5991CE2FFEEA}"
EndProject
Project("{FAE04EC0-301F-11D3-BF4B-00C04F79EFBC}") = "IBurguer.BDD.Model", "IBurguer.BDD.Domain\IBurguer.BDD.Model.csproj", "{4E83F057-D399-4A9B-AFFF-1CFCF76ECC93}"
EndProject
Global
	GlobalSection(SolutionConfigurationPlatforms) = preSolution
		Debug|Any CPU = Debug|Any CPU
		Release|Any CPU = Release|Any CPU
	EndGlobalSection
	GlobalSection(ProjectConfigurationPlatforms) = postSolution
		{19FE7D81-7F46-4412-9FDC-6C8869962105}.Debug|Any CPU.ActiveCfg = Debug|Any CPU
		{19FE7D81-7F46-4412-9FDC-6C8869962105}.Debug|Any CPU.Build.0 = Debug|Any CPU
		{19FE7D81-7F46-4412-9FDC-6C8869962105}.Release|Any CPU.ActiveCfg = Release|Any CPU
		{19FE7D81-7F46-4412-9FDC-6C8869962105}.Release|Any CPU.Build.0 = Release|Any CPU
		{D69FE2AD-EDC8-4DA2-9DA7-5991CE2FFEEA}.Debug|Any CPU.ActiveCfg = Debug|Any CPU
		{D69FE2AD-EDC8-4DA2-9DA7-5991CE2FFEEA}.Debug|Any CPU.Build.0 = Debug|Any CPU
		{D69FE2AD-EDC8-4DA2-9DA7-5991CE2FFEEA}.Release|Any CPU.ActiveCfg = Release|Any CPU
		{D69FE2AD-EDC8-4DA2-9DA7-5991CE2FFEEA}.Release|Any CPU.Build.0 = Release|Any CPU
		{4E83F057-D399-4A9B-AFFF-1CFCF76ECC93}.Debug|Any CPU.ActiveCfg = Debug|Any CPU
		{4E83F057-D399-4A9B-AFFF-1CFCF76ECC93}.Debug|Any CPU.Build.0 = Debug|Any CPU
		{4E83F057-D399-4A9B-AFFF-1CFCF76ECC93}.Release|Any CPU.ActiveCfg = Release|Any CPU
		{4E83F057-D399-4A9B-AFFF-1CFCF76ECC93}.Release|Any CPU.Build.0 = Release|Any CPU
	EndGlobalSection
	GlobalSection(SolutionProperties) = preSolution
		HideSolutionNode = FALSE
	EndGlobalSection
	GlobalSection(ExtensibilityGlobals) = postSolution
		SolutionGuid = {18B37124-CE33-4B5C-ADA9-BDB5D065954A}
	EndGlobalSection
EndGlobal
